# THIS IS AN AUTOGENERATED FILE. DO NOT EDIT THIS FILE DIRECTLY.
# yarn lockfile v1


"@thaunknown/simple-peer@^10.0.8":
  version "10.0.10"
  resolved "https://registry.yarnpkg.com/@thaunknown/simple-peer/-/simple-peer-10.0.10.tgz#59cc7f5dcc748ab008a580e4a1536f6363d1dbc4"
  integrity sha512-RtoYQChP5clkbh+crUhv0LD/fdzgNO/Ah/SBdcSqla6xY6GK50ukNhq39H4vzAKoYqvDu01Hc+JSD9DxCdoBOw==
  dependencies:
    debug "^4.3.5"
    err-code "^3.0.1"
    streamx "^2.17.0"
    uint8-util "^2.2.5"
    webrtc-polyfill "^1.1.8"

"@thaunknown/simple-websocket@^9.1.3":
  version "9.1.3"
  resolved "https://registry.yarnpkg.com/@thaunknown/simple-websocket/-/simple-websocket-9.1.3.tgz#843065027c6cf4470fb08ca78dbf9e48afc56ea6"
  integrity sha512-pf/FCJsgWtLJiJmIpiSI7acOZVq3bIQCpnNo222UFc8Ph1lOUOTpe6LoYhhiOSKB9GUaWJEVUtZ+sK1/aBgU5Q==
  dependencies:
    debug "^4.3.5"
    queue-microtask "^1.2.3"
    streamx "^2.17.0"
    uint8-util "^2.2.5"
    ws "^8.17.1"

abort-controller@^3.0.0:
  version "3.0.0"
  resolved "https://registry.yarnpkg.com/abort-controller/-/abort-controller-3.0.0.tgz#eaf54d53b62bae4138e809ca225c8439a6efb392"
  integrity sha512-h8lQ8tacZYnR3vNQTgibj+tODHI5/+l06Au2Pcriv/Gmet0eaj4TwWH41sO9wnHDiQsEj19q0drzdWdeAHtweg==
  dependencies:
    event-target-shim "^5.0.0"

addr-to-ip-port@^2.0.0:
  version "2.0.0"
  resolved "https://registry.yarnpkg.com/addr-to-ip-port/-/addr-to-ip-port-2.0.0.tgz#ab383c140392f3e99d5e9c34b88c259fa35274b1"
  integrity sha512-9bYbtjamtdLHZSqVIUXhilOryNPiL+x+Q5J/Unpg4VY3ZIkK3fT52UoErj1NdUeVm3J1t2iBEAur4Ywbl/bahw==

b4a@^1.3.1, b4a@^1.6.4:
  version "1.6.6"
  resolved "https://registry.yarnpkg.com/b4a/-/b4a-1.6.6.tgz#a4cc349a3851987c3c4ac2d7785c18744f6da9ba"
  integrity sha512-5Tk1HLk6b6ctmjIkAcU/Ujv/1WqiDl0F0JdRCR80VsOcUlHcu7pWeWRlOqQLHfDEsVx9YH/aif5AG4ehoCtTmg==

bare-events@^2.2.0:
  version "2.4.2"
  resolved "https://registry.yarnpkg.com/bare-events/-/bare-events-2.4.2.tgz#3140cca7a0e11d49b3edc5041ab560659fd8e1f8"
  integrity sha512-qMKFd2qG/36aA4GwvKq8MxnPgCQAmBWmSyLWsJcbn8v03wvIPQ/hG1Ms8bPzndZxMDoHpxez5VOS+gC9Yi24/Q==

base64-arraybuffer@^1.0.2:
  version "1.0.2"
  resolved "https://registry.yarnpkg.com/base64-arraybuffer/-/base64-arraybuffer-1.0.2.tgz#1c37589a7c4b0746e34bd1feb951da2df01c1bdc"
  integrity sha512-I3yl4r9QB5ZRY3XuJVEPfc2XhZO6YweFPI+UovAzn+8/hb3oJ6lnysaFcjVpkCPfVWFUDvoZ8kmVDP7WyRtYtQ==

base64-js@^1.3.1:
  version "1.5.1"
  resolved "https://registry.yarnpkg.com/base64-js/-/base64-js-1.5.1.tgz#1b1b440160a5bf7ad40b650f095963481903930a"
  integrity sha512-AKpaYlHn8t4SVbOHCy+b5+KKgvR4vrsD8vbvrbiQJps7fKDTkjkDry6ji0rUJjC0kzbNePLwzxq8iypo41qeWA==

bencode@^0.10.0:
  version "0.10.0"
  resolved "https://registry.yarnpkg.com/bencode/-/bencode-0.10.0.tgz#717b36fc61c4e9cb3755f0a9f90996ee5b46f0d0"

bencode@^1.0.0:
  version "1.0.0"
  resolved "https://registry.yarnpkg.com/bencode/-/bencode-1.0.0.tgz#0b83aea885b3547b579ada0c6a5e7739fe4d073e"
  integrity sha512-N+VOSP5MkoX+xgnp6Y056iCY5TmCZg9rgPNPQe0bIiXchxYFP4vs/Tf0dTdQ+qQhP7HM2gvfFq+sUVjQsGy5Zw==
  dependencies:
    safe-buffer "^5.1.1"

bencode@^2.0.0, bencode@^2.0.1:
  version "2.0.3"
  resolved "https://registry.yarnpkg.com/bencode/-/bencode-2.0.3.tgz#89b9c80ea1b8573554915a7d0c15f62b0aa7fc52"
  integrity sha512-D/vrAD4dLVX23NalHwb8dSvsUsxeRPO8Y7ToKA015JQYq69MLDOMkC0uGZYA/MPpltLO8rt8eqFC2j8DxjTZ/w==

bencode@^4.0.0:
  version "4.0.0"
  resolved "https://registry.yarnpkg.com/bencode/-/bencode-4.0.0.tgz#36ca0bc366290dad002215fc52fc74edf4eb0625"
  integrity sha512-AERXw18df0pF3ziGOCyUjqKZBVNH8HV3lBxnx5w0qtgMIk4a1wb9BkcCQbkp9Zstfrn/dzRwl7MmUHHocX3sRQ==
  dependencies:
    uint8-util "^2.2.2"

bitfield@^2.0.0:
  version "2.0.0"
  resolved "https://registry.yarnpkg.com/bitfield/-/bitfield-2.0.0.tgz#fbe6767592fe5b4c87ecf1d04126294cc1bfa837"
  integrity sha512-4xM4DYejOHQ/qWBfeqBXNA4mJ12PwcOibFYnH1kYh5U9BHciCqEJBqGNVnMJXUhm8mflujNRLSv7IiVQxovgjw==

bitfield@^4.0.0:
  version "4.2.0"
  resolved "https://registry.yarnpkg.com/bitfield/-/bitfield-4.2.0.tgz#fecb620bbe38e16526fbb62048f6c4af712ace91"
  integrity sha512-kUTatQb/mBd8uhvdLrUkouGDBUQiJaIOvPlptUwOWp6MFqih4d1MiVf0m3ATxfZSzu+LjW/awFeABltYa62uIA==

bittorrent-dht@^11.0.7:
  version "11.0.7"
  resolved "https://registry.yarnpkg.com/bittorrent-dht/-/bittorrent-dht-11.0.7.tgz#25cb8e1bc4156eaad53a818a904edf3caacc81e1"
  integrity sha512-jDlEtF+KSObXvvwhrTHE1mxX+aIrsiRRfYyEAdjYa+FqnxwUIYBbw/CnCfNMu5kWlfu/sQ2qK8+CuBjMSM6z3g==
  dependencies:
    bencode "^4.0.0"
    debug "^4.3.6"
    k-bucket "^5.1.0"
    k-rpc "^5.1.0"
    last-one-wins "^1.0.4"
    lru "^3.1.0"
    randombytes "^2.1.0"
    record-cache "^1.2.0"

bittorrent-dht@^7.7.0:
  version "7.10.0"
  resolved "https://registry.yarnpkg.com/bittorrent-dht/-/bittorrent-dht-7.10.0.tgz#c5d47ddb21b0003a4ce22b11202a505b350ac0ff"
  integrity sha512-fvb6M58Ceiv/S94nu6zeaiMoJvUYOeIqRbgaClm+kJTzCAqJPtAR/31pXNYB5iEReOoKqQB5zY33gY0W6ZRWQQ==
  dependencies:
    bencode "^1.0.0"
    buffer-equals "^1.0.3"
    debug "^3.1.0"
    inherits "^2.0.1"
    k-bucket "^3.3.0"
    k-rpc "^4.2.1"
    lru "^3.1.0"
    randombytes "^2.0.5"
    safe-buffer "^5.0.1"
    simple-sha1 "^2.1.0"

bittorrent-lsd@^2.0.0:
  version "2.0.0"
  resolved "https://registry.yarnpkg.com/bittorrent-lsd/-/bittorrent-lsd-2.0.0.tgz#84995a7d0a4b6a68bd5719bbc00139c4d00d7d15"
  integrity sha512-jV+SMTGNY1iGWjf5cPA2HMeA6axuMQRWwWELtsuZ1FmQmZwC74we92nwtDTfv1WMnLx+oqEjWRri42IHjZitSQ==
  dependencies:
    chrome-dgram "^3.0.6"
    debug "^4.2.0"

bittorrent-peerid@^1.3.6:
  version "1.3.6"
  resolved "https://registry.yarnpkg.com/bittorrent-peerid/-/bittorrent-peerid-1.3.6.tgz#3688705a64937a8176ac2ded1178fc7bd91b61db"
  integrity sha512-VyLcUjVMEOdSpHaCG/7odvCdLbAB1y3l9A2V6WIje24uV7FkJPrQrH/RrlFmKxP89pFVDEnE+YlHaFujlFIZsg==

bittorrent-protocol@^2.3.0:
  version "2.4.2"
  resolved "https://registry.yarnpkg.com/bittorrent-protocol/-/bittorrent-protocol-2.4.2.tgz#d252001679988f3db47f30ceeace8bc655301e83"
  integrity sha512-ZphU6H9B0Tf99P2noVmyKkT7Bf8FZG6T3VSurJva8ozvvCqSfLMnI7X4Khxn5qXXvw71/R9Vfq+aJvMgV9lquQ==
  dependencies:
    bencode "^2.0.0"
    bitfield "^2.0.0"
    debug "^3.1.0"
    inherits "^2.0.1"
    randombytes "^2.0.5"
    readable-stream "^2.3.2"
    safe-buffer "^5.1.1"
    speedometer "^1.0.0"
    unordered-array-remove "^1.0.2"
    xtend "^4.0.0"

bittorrent-tracker@^11.1.2:
  version "11.1.2"
  resolved "https://registry.yarnpkg.com/bittorrent-tracker/-/bittorrent-tracker-11.1.2.tgz#21db5f5e05af361e73f66f511432179c01c216db"
  integrity sha512-mzINNIJ3FjNBcqQPKPQoxpNzzqEVfbBohwdVxblaOKGQVxagMzipCWwbxiAt+J35WC3xs1wFeCDUXpzQ3TBA+A==
  dependencies:
    "@thaunknown/simple-peer" "^10.0.8"
    "@thaunknown/simple-websocket" "^9.1.3"
    bencode "^4.0.0"
    bittorrent-peerid "^1.3.6"
    chrome-dgram "^3.0.6"
    compact2string "^1.4.1"
    cross-fetch-ponyfill "^1.0.3"
    debug "^4.3.4"
    ip "^2.0.1"
    lru "^3.1.0"
    minimist "^1.2.8"
    once "^1.4.0"
    queue-microtask "^1.2.3"
    random-iterate "^1.0.1"
    run-parallel "^1.2.0"
    run-series "^1.1.9"
    socks "^2.8.3"
    string2compact "^2.0.1"
    uint8-util "^2.2.5"
    unordered-array-remove "^1.0.2"
    ws "^8.17.0"
  optionalDependencies:
    bufferutil "^4.0.8"
    utf-8-validate "^6.0.4"

bl@^4.0.3:
  version "4.1.0"
  resolved "https://registry.yarnpkg.com/bl/-/bl-4.1.0.tgz#451535264182bec2fbbc83a62ab98cf11d9f7b3a"
  integrity sha512-1W07cM9gS6DcLperZfFSj+bWLtaPGSOHWhPiGzXmvVJbRLdG82sH/Kn8EtW1VqWVA54AKf2h5k5BbnIbwF3h6w==
  dependencies:
    buffer "^5.5.0"
    inherits "^2.0.4"
    readable-stream "^3.4.0"

buffer-equals@^1.0.3:
  version "1.0.4"
  resolved "https://registry.yarnpkg.com/buffer-equals/-/buffer-equals-1.0.4.tgz#0353b54fd07fd9564170671ae6f66b9cf10d27f5"

buffer@^5.5.0:
  version "5.7.1"
  resolved "https://registry.yarnpkg.com/buffer/-/buffer-5.7.1.tgz#ba62e7c13133053582197160851a8f648e99eed0"
  integrity sha512-EHcyIPBQ4BSGlvjB16k5KgAJ27CIsHY/2JBmCRReo48y9rQ3MaUzWX3KVlBa4U7MyX02HdVj0K7C3WaB3ju7FQ==
  dependencies:
    base64-js "^1.3.1"
    ieee754 "^1.1.13"

bufferutil@^4.0.8:
  version "4.0.8"
  resolved "https://registry.yarnpkg.com/bufferutil/-/bufferutil-4.0.8.tgz#1de6a71092d65d7766c4d8a522b261a6e787e8ea"
  integrity sha512-4T53u4PdgsXqKaIctwF8ifXlRTTmEPJ8iEPWFdGZvcf7sbwYo6FKFEX9eNNAnzFZ7EzJAQ3CJeOtCRA4rDp7Pw==
  dependencies:
    node-gyp-build "^4.3.0"

chownr@^1.1.1:
  version "1.1.4"
  resolved "https://registry.yarnpkg.com/chownr/-/chownr-1.1.4.tgz#6fc9d7b42d32a583596337666e7d08084da2cc6b"
  integrity sha512-jJ0bqzaylmJtVnNgzTeSOs8DPavpbYgEr/b0YL8/2GO3xJEhInFmhKMUnEJQjZumK7KXGFhUy89PrsJWlakBVg==

chrome-dgram@^3.0.2, chrome-dgram@^3.0.6:
  version "3.0.6"
  resolved "https://registry.yarnpkg.com/chrome-dgram/-/chrome-dgram-3.0.6.tgz#2288b5c7471f66f073691206d36319dda713cf55"
  integrity sha512-bqBsUuaOiXiqxXt/zA/jukNJJ4oaOtc7ciwqJpZVEaaXwwxqgI2/ZdG02vXYWUhHGziDlvGMQWk0qObgJwVYKA==
  dependencies:
    inherits "^2.0.4"
    run-series "^1.1.9"

chrome-dns@^1.0.0:
  version "1.0.1"
  resolved "https://registry.yarnpkg.com/chrome-dns/-/chrome-dns-1.0.1.tgz#6870af680a40d2c4b2efc2154a378793f5a4ce4b"
  integrity sha512-HqsYJgIc8ljJJOqOzLphjAs79EUuWSX3nzZi2LNkzlw3GIzAeZbaSektC8iT/tKvLqZq8yl1GJu5o6doA4TRbg==
  dependencies:
    chrome-net "^3.3.2"

chrome-net@^3.3.2:
  version "3.3.4"
  resolved "https://registry.yarnpkg.com/chrome-net/-/chrome-net-3.3.4.tgz#0e604a31d226ebfb8d2d1c381cab47d35309825d"
  integrity sha512-Jzy2EnzmE+ligqIZUsmWnck9RBXLuUy6CaKyuNMtowFG3ZvLt8d+WBJCTPEludV0DHpIKjAOlwjFmTaEdfdWCw==
  dependencies:
    inherits "^2.0.1"

compact2string@^1.4.1:
  version "1.4.1"
  resolved "https://registry.yarnpkg.com/compact2string/-/compact2string-1.4.1.tgz#8d34929055f8300a13cfc030ad1832e2e53c2e25"
  integrity sha512-3D+EY5nsRhqnOwDxveBv5T8wGo4DEvYxjDtPGmdOX+gfr5gE92c2RC0w2wa+xEefm07QuVqqcF3nZJUZ92l/og==
  dependencies:
    ipaddr.js ">= 0.1.5"

core-util-is@~1.0.0:
  version "1.0.2"
  resolved "https://registry.yarnpkg.com/core-util-is/-/core-util-is-1.0.2.tgz#b5fd54220aa2bc5ab57aab7140c940754503c1a7"

cross-fetch-ponyfill@^1.0.3:
  version "1.0.3"
  resolved "https://registry.yarnpkg.com/cross-fetch-ponyfill/-/cross-fetch-ponyfill-1.0.3.tgz#5c5524e3bd3374e71d5016c2327e416369a57527"
  integrity sha512-uOBkDhUAGAbx/FEzNKkOfx3w57H8xReBBXoZvUnOKTI0FW0Xvrj3GrYv2iZXUqlffC1LMGfQzhmBM/ke+6eTDA==
  dependencies:
    abort-controller "^3.0.0"
    node-fetch "^3.3.0"

data-uri-to-buffer@^4.0.0:
  version "4.0.1"
  resolved "https://registry.yarnpkg.com/data-uri-to-buffer/-/data-uri-to-buffer-4.0.1.tgz#d8feb2b2881e6a4f58c2e08acfd0e2834e26222e"
  integrity sha512-0R9ikRb668HB7QDxT1vkpuUBtqc53YyAwMwGeUFKRojY/NWKvdZ+9UYtRfGmhqNbRkTSVpMbmyhXipFFv2cb/A==

debug@^3.1.0:
  version "3.2.7"
  resolved "https://registry.yarnpkg.com/debug/-/debug-3.2.7.tgz#72580b7e9145fb39b6676f9c5e5fb100b934179a"
  integrity sha512-CFjzYYAi4ThfiQvizrFQevTTXHtnCqWfe7x1AhgEscTz6ZbLbfoLRLPugTQyBth6f8ZERVUSyWHFD/7Wu4t1XQ==
  dependencies:
    ms "^2.1.1"

debug@^4.2.0, debug@^4.3.4, debug@^4.3.5, debug@^4.3.6:
  version "4.3.7"
  resolved "https://registry.yarnpkg.com/debug/-/debug-4.3.7.tgz#87945b4151a011d76d95a198d7111c865c360a52"
  integrity sha512-Er2nc/H7RrMXZBFCEim6TCmMk02Z8vLC2Rbi1KEBggpo0fS6l0S1nnapwmIi3yW/+GOJap1Krg4w0Hg80oCqgQ==
  dependencies:
    ms "^2.1.3"

decompress-response@^6.0.0:
  version "6.0.0"
  resolved "https://registry.yarnpkg.com/decompress-response/-/decompress-response-6.0.0.tgz#ca387612ddb7e104bd16d85aab00d5ecf09c66fc"
  integrity sha512-aW35yZM6Bb/4oJlZncMH2LCoZtJXTRxES17vE3hoRiowU2kWHaJKFkSBDnDR+cm9J+9QhXmREyIfv0pji9ejCQ==
  dependencies:
    mimic-response "^3.1.0"

deep-extend@^0.6.0:
  version "0.6.0"
  resolved "https://registry.yarnpkg.com/deep-extend/-/deep-extend-0.6.0.tgz#c4fa7c95404a17a9c3e8ca7e1537312b736330ac"
  integrity sha512-LOHxIOaPYdHlJRtCQfDIVZtfw/ufM8+rVj649RIHzcm/vGwQRXFt6OPqIFWsm2XEMrNIEtWR64sY1LEKD2vAOA==

detect-libc@^2.0.0:
  version "2.0.3"
  resolved "https://registry.yarnpkg.com/detect-libc/-/detect-libc-2.0.3.tgz#f0cd503b40f9939b894697d19ad50895e30cf700"
  integrity sha512-bwy0MGW55bG41VqxxypOsdSdGqLwXPI/focwgTYCFMbdUiBAxLg9CFzG08sz2aqzknwiX7Hkl0bQENjg8iLByw==

end-of-stream@^1.1.0, end-of-stream@^1.4.1:
  version "1.4.4"
  resolved "https://registry.yarnpkg.com/end-of-stream/-/end-of-stream-1.4.4.tgz#5ae64a5f45057baf3626ec14da0ca5e4b2431eb0"
  integrity sha512-+uw1inIHVPQoaVuHzRyXd21icM+cnt4CzD5rW+NC1wjOUSTOs+Te7FOv7AhN7vS9x/oIyhLP5PR1H+phQAHu5Q==
  dependencies:
    once "^1.4.0"

err-code@^3.0.1:
  version "3.0.1"
  resolved "https://registry.yarnpkg.com/err-code/-/err-code-3.0.1.tgz#a444c7b992705f2b120ee320b09972eef331c920"
  integrity sha512-GiaH0KJUewYok+eeY05IIgjtAe4Yltygk9Wqp1V5yVWLdhf0hYZchRjNIT9bb0mSwRcIusT3cx7PJUf3zEIfUA==

event-target-shim@^5.0.0:
  version "5.0.1"
  resolved "https://registry.yarnpkg.com/event-target-shim/-/event-target-shim-5.0.1.tgz#5d4d3ebdf9583d63a5333ce2deb7480ab2b05789"
  integrity sha512-i/2XbnSz/uxRCU6+NdVJgKWDTM427+MqYbkQzD321DuCQJUqOuJKIA0IM2+W2xtYHdKOmZ4dR6fExsd4SXL+WQ==

expand-template@^2.0.3:
  version "2.0.3"
  resolved "https://registry.yarnpkg.com/expand-template/-/expand-template-2.0.3.tgz#6e14b3fcee0f3a6340ecb57d2e8918692052a47c"
  integrity sha512-XYfuKMvj4O35f/pOXLObndIRvyQ+/+6AhODh+OKWj9S9498pHHn/IMszH+gt0fBCRWMNfk1ZSp5x3AifmnI2vg==

fast-fifo@^1.3.2:
  version "1.3.2"
  resolved "https://registry.yarnpkg.com/fast-fifo/-/fast-fifo-1.3.2.tgz#286e31de96eb96d38a97899815740ba2a4f3640c"
  integrity sha512-/d9sfos4yxzpwkDkuN7k2SqFKtYNmCTzgfEpz82x34IM9/zc8KGxQoXg1liNC/izpRM/MBdt44Nmx41ZWqk+FQ==

fetch-blob@^3.1.2, fetch-blob@^3.1.4:
  version "3.2.0"
  resolved "https://registry.yarnpkg.com/fetch-blob/-/fetch-blob-3.2.0.tgz#f09b8d4bbd45adc6f0c20b7e787e793e309dcce9"
  integrity sha512-7yAQpD2UMJzLi1Dqv7qFYnPbaPx7ZfFK6PiIxQ4PfkGPyNyl2Ugx+a/umUonmKqjhM4DnfbMvdX6otXq83soQQ==
  dependencies:
    node-domexception "^1.0.0"
    web-streams-polyfill "^3.0.3"

formdata-polyfill@^4.0.10:
  version "4.0.10"
  resolved "https://registry.yarnpkg.com/formdata-polyfill/-/formdata-polyfill-4.0.10.tgz#24807c31c9d402e002ab3d8c720144ceb8848423"
  integrity sha512-buewHzMvYL29jdeQTVILecSaZKnt/RJWjoZCF5OW60Z67/GmSLBkOFM7qh1PI3zFNtJbaZL5eQu1vLfazOwj4g==
  dependencies:
    fetch-blob "^3.1.2"

fs-constants@^1.0.0:
  version "1.0.0"
  resolved "https://registry.yarnpkg.com/fs-constants/-/fs-constants-1.0.0.tgz#6be0de9be998ce16af8afc24497b9ee9b7ccd9ad"
  integrity sha512-y6OAwoSIf7FyjMIv94u+b5rdheZEjzR63GTyZJm5qh4Bi+2YgwLCcI/fPFZkL5PSixOt6ZNKm+w+Hfp/Bciwow==

github-from-package@0.0.0:
  version "0.0.0"
  resolved "https://registry.yarnpkg.com/github-from-package/-/github-from-package-0.0.0.tgz#97fb5d96bfde8973313f20e8288ef9a167fa64ce"
  integrity sha512-SyHy3T1v2NUXn29OsWdxmK6RwHD+vkj3v8en8AOBZ1wBQ/hCAQ5bAQTD02kW4W9tUp/3Qh6J8r9EvntiyCmOOw==

ieee754@^1.1.13:
  version "1.2.1"
  resolved "https://registry.yarnpkg.com/ieee754/-/ieee754-1.2.1.tgz#8eb7a10a63fff25d15a57b001586d177d1b0d352"
  integrity sha512-dcyqhDvX1C46lXZcVqCpK+FtMRQVdIMN6/Df5js2zouUsqG7I6sFxitIC+7KYK29KdXOLHdu9zL4sFnoVQnqaA==

inherits@^2.0.1:
  version "2.0.3"
  resolved "https://registry.yarnpkg.com/inherits/-/inherits-2.0.3.tgz#633c2c83e3da42a502f52466022480f4208261de"

inherits@^2.0.3, inherits@^2.0.4, inherits@~2.0.3:
  version "2.0.4"
  resolved "https://registry.yarnpkg.com/inherits/-/inherits-2.0.4.tgz#0fa2c64f932917c3433a0ded55363aae37416b7c"
  integrity sha512-k/vGaX4/Yla3WzyMCvTQOXYeIHvqOKtnqBduzTHpzpQZzAskKMhZ2K+EnBiSM9zGSoIFeMpXKxa4dYeZIQqewQ==

ini@~1.3.0:
  version "1.3.8"
  resolved "https://registry.yarnpkg.com/ini/-/ini-1.3.8.tgz#a29da425b48806f34767a4efce397269af28432c"
  integrity sha512-JV/yugV2uzW5iMRSiZAyDtQd+nxtUnjeLt0acNdw98kKLrvuRVyB80tsREOE7yvGVgalhZ6RNXCmEHkUKBKxew==

ip-address@^9.0.5:
  version "9.0.5"
  resolved "https://registry.yarnpkg.com/ip-address/-/ip-address-9.0.5.tgz#117a960819b08780c3bd1f14ef3c1cc1d3f3ea5a"
  integrity sha512-zHtQzGojZXTwZTHQqra+ETKd4Sn3vgi7uBmlPoXVWZqYvuKmtI0l/VZTjqGmJY9x88GGOaZ9+G9ES8hC4T4X8g==
  dependencies:
    jsbn "1.1.0"
    sprintf-js "^1.1.3"

ip@^2.0.1:
  version "2.0.1"
  resolved "https://registry.yarnpkg.com/ip/-/ip-2.0.1.tgz#e8f3595d33a3ea66490204234b77636965307105"
  integrity sha512-lJUL9imLTNi1ZfXT+DU6rBBdbiKGBuay9B6xGSPVjUeQwaH1RIGqef8RZkUtHioLmSNpPR5M4HVKJGm1j8FWVQ==

"ipaddr.js@>= 0.1.5":
  version "1.2.0"
  resolved "https://registry.yarnpkg.com/ipaddr.js/-/ipaddr.js-1.2.0.tgz#8aba49c9192799585bdd643e0ccb50e8ae777ba4"

ipaddr.js@^2.0.0:
  version "2.2.0"
  resolved "https://registry.yarnpkg.com/ipaddr.js/-/ipaddr.js-2.2.0.tgz#d33fa7bac284f4de7af949638c9d68157c6b92e8"
  integrity sha512-Ag3wB2o37wslZS19hZqorUnrnzSkpOVy+IiiDEiTqNubEYpYuHWIf6K4psgN2ZWKExS4xhVCrRVfb/wfW8fWJA==

isarray@~1.0.0:
  version "1.0.0"
  resolved "https://registry.yarnpkg.com/isarray/-/isarray-1.0.0.tgz#bb935d48582cba168c06834957a54a3e07124f11"

jsbn@1.1.0:
  version "1.1.0"
  resolved "https://registry.yarnpkg.com/jsbn/-/jsbn-1.1.0.tgz#b01307cb29b618a1ed26ec79e911f803c4da0040"
  integrity sha512-4bYVV3aAMtDTTu4+xsDYa6sy9GyJ69/amsu9sYF2zqjiEoZA5xJi3BrfX3uY+/IekIu7MwdObdbDWpoZdBv3/A==

k-bucket@^3.3.0:
  version "3.3.1"
  resolved "https://registry.yarnpkg.com/k-bucket/-/k-bucket-3.3.1.tgz#de219f00b310ca17fdd7e2790a077d78b70d92c8"
  integrity sha512-kgwWqYT79rAahn4maIVTP8dIe+m1KulufWW+f1bB9DlZrRFiGpZ4iJOg2HUp4xJYBWONP3+rOPIWF/RXABU6mw==
  dependencies:
    buffer-equals "^1.0.3"
    inherits "^2.0.1"
    randombytes "^2.0.3"

k-bucket@^4.0.0:
  version "4.0.1"
  resolved "https://registry.yarnpkg.com/k-bucket/-/k-bucket-4.0.1.tgz#3fc2e5693f0b7bff90d7b6b476edd6087955d542"
  integrity sha512-YvDpmY3waI999h1zZoW1rJ04fZrgZ+5PAlVmvwDHT6YO/Q1AOhdel07xsKy9eAvJjQ9xZV1wz3rXKqEfaWvlcQ==
  dependencies:
    inherits "^2.0.1"
    randombytes "^2.0.3"

k-bucket@^5.0.0, k-bucket@^5.1.0:
  version "5.1.0"
  resolved "https://registry.yarnpkg.com/k-bucket/-/k-bucket-5.1.0.tgz#db2c9e72bd168b432e3f3e8fc092e2ccb61bff89"
  integrity sha512-Fac7iINEovXIWU20GPnOMLUbjctiS+cnmyjC4zAUgvs3XPf1vo9akfCHkigftSic/jiKqKl+KA3a/vFcJbHyCg==
  dependencies:
    randombytes "^2.1.0"

k-rpc-socket@^1.7.2:
  version "1.11.1"
  resolved "https://registry.yarnpkg.com/k-rpc-socket/-/k-rpc-socket-1.11.1.tgz#f14b4b240a716c6cad7b6434b21716dbd7c7b0e8"
  integrity sha512-8xtA8oqbZ6v1Niryp2/g4GxW16EQh5MvrUylQoOG+zcrDff5CKttON2XUXvMwlIHq4/2zfPVFiinAccJ+WhxoA==
  dependencies:
    bencode "^2.0.0"
    chrome-dgram "^3.0.2"
    chrome-dns "^1.0.0"
    chrome-net "^3.3.2"

k-rpc@^4.2.1:
  version "4.3.1"
  resolved "https://registry.yarnpkg.com/k-rpc/-/k-rpc-4.3.1.tgz#e2b86376c773d5919b4d3c02b9aae435fee7b318"
  integrity sha512-mgAJZeFYbpP0xzJzmS0TQTYoFI0sjy3GnKFhg8wyboL+KvWg2WLaA2Oy9PthLPx2Rxz4WeBMk4y3MSOrDJ95FA==
  dependencies:
    buffer-equals "^1.0.3"
    k-bucket "^4.0.0"
    k-rpc-socket "^1.7.2"
    randombytes "^2.0.5"
    safe-buffer "^5.1.1"

k-rpc@^5.1.0:
  version "5.1.0"
  resolved "https://registry.yarnpkg.com/k-rpc/-/k-rpc-5.1.0.tgz#af2052de2e84994d55da3032175da5dad8640174"
  integrity sha512-FGc+n70Hcjoa/X2JTwP+jMIOpBz+pkRffHnSl9yrYiwUxg3FIgD50+u1ePfJUOnRCnx6pbjmVk5aAeB1wIijuQ==
  dependencies:
    k-bucket "^5.0.0"
    k-rpc-socket "^1.7.2"
    randombytes "^2.0.5"

last-one-wins@^1.0.4:
  version "1.0.4"
  resolved "https://registry.yarnpkg.com/last-one-wins/-/last-one-wins-1.0.4.tgz#c1bfd0cbcb46790ec9156b8d1aee8fcb86cda22a"
  integrity sha512-t+KLJFkHPQk8lfN6WBOiGkiUXoub+gnb2XTYI2P3aiISL+94xgZ1vgz1SXN/N4hthuOoLXarXfBZPUruyjQtfA==

lru@^3.1.0:
  version "3.1.0"
  resolved "https://registry.yarnpkg.com/lru/-/lru-3.1.0.tgz#ea7fb8546d83733396a13091d76cfeb4c06837d5"
  dependencies:
    inherits "^2.0.1"

mimic-response@^3.1.0:
  version "3.1.0"
  resolved "https://registry.yarnpkg.com/mimic-response/-/mimic-response-3.1.0.tgz#2d1d59af9c1b129815accc2c46a022a5ce1fa3c9"
  integrity sha512-z0yWI+4FDrrweS8Zmt4Ej5HdJmky15+L2e6Wgn3+iK5fWzb6T3fhNFq2+MeTRb064c6Wr4N/wv0DzQTjNzHNGQ==

minimist@^1.2.0, minimist@^1.2.3, minimist@^1.2.8:
  version "1.2.8"
  resolved "https://registry.yarnpkg.com/minimist/-/minimist-1.2.8.tgz#c1a464e7693302e082a075cee0c057741ac4772c"
  integrity sha512-2yyAR8qBkN3YuheJanUpWC5U3bb5osDywNB8RzDVlDwDHbocAJveqqj1u8+SVD7jkWT4yvsHCpWqqWqAxb0zCA==

mkdirp-classic@^0.5.2, mkdirp-classic@^0.5.3:
  version "0.5.3"
  resolved "https://registry.yarnpkg.com/mkdirp-classic/-/mkdirp-classic-0.5.3.tgz#fa10c9115cc6d8865be221ba47ee9bed78601113"
  integrity sha512-gKLcREMhtuZRwRAfqP3RFW+TK4JqApVBtOIftVgjuABpAtpxhPGaDcfvbhNvD0B8iD1oUr/txX35NjcaY6Ns/A==

ms@^2.1.1, ms@^2.1.3:
  version "2.1.3"
  resolved "https://registry.yarnpkg.com/ms/-/ms-2.1.3.tgz#574c8138ce1d2b5861f0b44579dbadd60c6615b2"
  integrity sha512-6FlzubTLZG3J2a/NVCAleEhjzq5oxgHyaCU9yYXvcLsvoVaHJq/s5xXI6/XXP6tz7R9xAOtHnSO/tXtF3WRTlA==

napi-build-utils@^1.0.1:
  version "1.0.2"
  resolved "https://registry.yarnpkg.com/napi-build-utils/-/napi-build-utils-1.0.2.tgz#b1fddc0b2c46e380a0b7a76f984dd47c41a13806"
  integrity sha512-ONmRUqK7zj7DWX0D9ADe03wbwOBZxNAfF20PlGfCWQcD3+/MakShIHrMqx9YwPTfxDdF1zLeL+RGZiR9kGMLdg==

node-abi@^3.3.0:
  version "3.67.0"
  resolved "https://registry.yarnpkg.com/node-abi/-/node-abi-3.67.0.tgz#1d159907f18d18e18809dbbb5df47ed2426a08df"
  integrity sha512-bLn/fU/ALVBE9wj+p4Y21ZJWYFjUXLXPi/IewyLZkx3ApxKDNBWCKdReeKOtD8dWpOdDCeMyLh6ZewzcLsG2Nw==
  dependencies:
    semver "^7.3.5"

node-datachannel@^0.10.1:
  version "0.10.1"
  resolved "https://registry.yarnpkg.com/node-datachannel/-/node-datachannel-0.10.1.tgz#e2bd380619e90501758bf6fdf0c0ca7256e5be63"
  integrity sha512-rhxb1iQgbFLY6HMt3W6Xcs8Q1k4jIMgI7KduXcYvIn2UMKYK6e/eegya2caF/+XYAqTeo1743gOr11CXvJ/DJA==
  dependencies:
    node-domexception "^2.0.1"
    prebuild-install "^7.0.1"

node-domexception@^1.0.0:
  version "1.0.0"
  resolved "https://registry.yarnpkg.com/node-domexception/-/node-domexception-1.0.0.tgz#6888db46a1f71c0b76b3f7555016b63fe64766e5"
  integrity sha512-/jKZoMpw0F8GRwl4/eLROPA3cfcXtLApP0QzLmUT/HuPCZWyB7IY9ZrMeKw2O/nFIqPQB3PVM9aYm0F312AXDQ==

node-domexception@^2.0.1:
  version "2.0.1"
  resolved "https://registry.yarnpkg.com/node-domexception/-/node-domexception-2.0.1.tgz#83b0d101123b5bbf91018fd569a58b88ae985e5b"
  integrity sha512-M85rnSC7WQ7wnfQTARPT4LrK7nwCHLdDFOCcItZMhTQjyCebJH8GciKqYJNgaOFZs9nFmTmd/VMyi3OW5jA47w==

node-fetch@^3.3.0:
  version "3.3.2"
  resolved "https://registry.yarnpkg.com/node-fetch/-/node-fetch-3.3.2.tgz#d1e889bacdf733b4ff3b2b243eb7a12866a0b78b"
  integrity sha512-dRB78srN/l6gqWulah9SrxeYnxeddIG30+GOqK/9OlLVyLg3HPnr6SqOWTWOXKRwC2eGYCkZ59NNuSgvSrpgOA==
  dependencies:
    data-uri-to-buffer "^4.0.0"
    fetch-blob "^3.1.4"
    formdata-polyfill "^4.0.10"

node-gyp-build@^4.3.0:
  version "4.8.2"
  resolved "https://registry.yarnpkg.com/node-gyp-build/-/node-gyp-build-4.8.2.tgz#4f802b71c1ab2ca16af830e6c1ea7dd1ad9496fa"
  integrity sha512-IRUxE4BVsHWXkV/SFOut4qTlagw2aM8T5/vnTsmrHJvVoKueJHRc/JaFND7QDDc61kLYUJ6qlZM3sqTSyx2dTw==

once@^1.3.1, once@^1.4.0:
  version "1.4.0"
  resolved "https://registry.yarnpkg.com/once/-/once-1.4.0.tgz#583b1aa775961d4b113ac17d9c50baef9dd76bd1"
  integrity sha512-lNaJgI+2Q5URQBkccEKHTQOPaXdUxnZZElQTZY0MFUAuaEqe1E+Nyvgdz/aIyNi6Z9MzO5dv1H8n58/GELp3+w==
  dependencies:
    wrappy "1"

prebuild-install@^7.0.1:
  version "7.1.2"
  resolved "https://registry.yarnpkg.com/prebuild-install/-/prebuild-install-7.1.2.tgz#a5fd9986f5a6251fbc47e1e5c65de71e68c0a056"
  integrity sha512-UnNke3IQb6sgarcZIDU3gbMeTp/9SSU1DAIkil7PrqG1vZlBtY5msYccSKSHDqa3hNg436IXK+SNImReuA1wEQ==
  dependencies:
    detect-libc "^2.0.0"
    expand-template "^2.0.3"
    github-from-package "0.0.0"
    minimist "^1.2.3"
    mkdirp-classic "^0.5.3"
    napi-build-utils "^1.0.1"
    node-abi "^3.3.0"
    pump "^3.0.0"
    rc "^1.2.7"
    simple-get "^4.0.0"
    tar-fs "^2.0.0"
    tunnel-agent "^0.6.0"

process-nextick-args@~2.0.0:
  version "2.0.1"
  resolved "https://registry.yarnpkg.com/process-nextick-args/-/process-nextick-args-2.0.1.tgz#7820d9b16120cc55ca9ae7792680ae7dba6d7fe2"
  integrity sha512-3ouUOpQhtgrbOa17J7+uxOTpITYWaGP7/AhoR3+A+/1e9skrzelGi/dXzEYyvbxubEF6Wn2ypscTKiKJFFn1ag==

pump@^3.0.0:
  version "3.0.0"
  resolved "https://registry.yarnpkg.com/pump/-/pump-3.0.0.tgz#b4a2116815bde2f4e1ea602354e8c75565107a64"
  integrity sha512-LwZy+p3SFs1Pytd/jYct4wpv49HiYCqd9Rlc5ZVdk0V+8Yzv6jR5Blk3TRmPL1ft69TxP0IMZGJ+WPFU2BFhww==
  dependencies:
    end-of-stream "^1.1.0"
    once "^1.3.1"

queue-microtask@^1.2.2, queue-microtask@^1.2.3:
  version "1.2.3"
  resolved "https://registry.yarnpkg.com/queue-microtask/-/queue-microtask-1.2.3.tgz#4929228bbc724dfac43e0efb058caf7b6cfb6243"
  integrity sha512-NuaNSa6flKT5JaSYQzJok04JzTL1CA6aGhv5rfLW3PgqA+M2ChpZQnAC8h8i4ZFkBS8X5RqkDBHA7r4hej3K9A==

queue-tick@^1.0.1:
  version "1.0.1"
  resolved "https://registry.yarnpkg.com/queue-tick/-/queue-tick-1.0.1.tgz#f6f07ac82c1fd60f82e098b417a80e52f1f4c142"
  integrity sha512-kJt5qhMxoszgU/62PLP1CJytzd2NKetjSRnyuj31fDd3Rlcz3fzlFdFLD1SItunPwyqEOkca6GbV612BWfaBag==

random-iterate@^1.0.1:
  version "1.0.1"
  resolved "https://registry.yarnpkg.com/random-iterate/-/random-iterate-1.0.1.tgz#f7d97d92dee6665ec5f6da08c7f963cad4b2ac99"

randombytes@^2.0.3:
  version "2.0.3"
  resolved "https://registry.yarnpkg.com/randombytes/-/randombytes-2.0.3.tgz#674c99760901c3c4112771a31e521dc349cc09ec"

randombytes@^2.0.5, randombytes@^2.1.0:
  version "2.1.0"
  resolved "https://registry.yarnpkg.com/randombytes/-/randombytes-2.1.0.tgz#df6f84372f0270dc65cdf6291349ab7a473d4f2a"
  integrity sha512-vYl3iOX+4CKUWuxGi9Ukhie6fsqXqS9FE2Zaic4tNFD2N2QQaXOMFbuKK4QmDHC0JO6B1Zp41J0LpT0oR68amQ==
  dependencies:
    safe-buffer "^5.1.0"

rc@^1.2.7:
  version "1.2.8"
  resolved "https://registry.yarnpkg.com/rc/-/rc-1.2.8.tgz#cd924bf5200a075b83c188cd6b9e211b7fc0d3ed"
  integrity sha512-y3bGgqKj3QBdxLbLkomlohkvsA8gdAiUQlSBJnBhfn+BPxg4bc62d8TcBW15wavDfgexCgccckhcZvywyQYPOw==
  dependencies:
    deep-extend "^0.6.0"
    ini "~1.3.0"
    minimist "^1.2.0"
    strip-json-comments "~2.0.1"

readable-stream@^2.3.2:
  version "2.3.8"
  resolved "https://registry.yarnpkg.com/readable-stream/-/readable-stream-2.3.8.tgz#91125e8042bba1b9887f49345f6277027ce8be9b"
  integrity sha512-8p0AUk4XODgIewSi0l8Epjs+EVnWiK7NoDIEGU0HhE7+ZyY8D1IMY7odu5lRrFXGg71L15KG8QrPmum45RTtdA==
  dependencies:
    core-util-is "~1.0.0"
    inherits "~2.0.3"
    isarray "~1.0.0"
    process-nextick-args "~2.0.0"
    safe-buffer "~5.1.1"
    string_decoder "~1.1.1"
    util-deprecate "~1.0.1"

readable-stream@^3.1.1, readable-stream@^3.4.0:
  version "3.6.2"
  resolved "https://registry.yarnpkg.com/readable-stream/-/readable-stream-3.6.2.tgz#56a9b36ea965c00c5a93ef31eb111a0f11056967"
  integrity sha512-9u/sniCrY3D5WdsERHzHE4G2YCXqoG5FTHUiCC4SIbr6XcLZBY05ya9EKjYek9O5xOAwjGq+1JdGBAS7Q9ScoA==
  dependencies:
    inherits "^2.0.3"
    string_decoder "^1.1.1"
    util-deprecate "^1.0.1"

record-cache@^1.2.0:
  version "1.2.0"
  resolved "https://registry.yarnpkg.com/record-cache/-/record-cache-1.2.0.tgz#e601bc4f164d58330cc00055e27aa4682291c882"
  integrity sha512-kyy3HWCez2WrotaL3O4fTn0rsIdfRKOdQQcEJ9KpvmKmbffKVvwsloX063EgRUlpJIXHiDQFhJcTbZequ2uTZw==
  dependencies:
    b4a "^1.3.1"

run-parallel@^1.2.0:
  version "1.2.0"
  resolved "https://registry.yarnpkg.com/run-parallel/-/run-parallel-1.2.0.tgz#66d1368da7bdf921eb9d95bd1a9229e7f21a43ee"
  integrity sha512-5l4VyZR86LZ/lDxZTR6jqL8AFE2S0IFLMP26AbjsLVADxHdhB/c0GUsH+y39UfCi3dzz8OlQuPmnaJOMoDHQBA==
  dependencies:
    queue-microtask "^1.2.2"

run-series@^1.1.9:
  version "1.1.9"
  resolved "https://registry.yarnpkg.com/run-series/-/run-series-1.1.9.tgz#15ba9cb90e6a6c054e67c98e1dc063df0ecc113a"
  integrity sha512-Arc4hUN896vjkqCYrUXquBFtRZdv1PfLbTYP71efP6butxyQ0kWpiNJyAgsxscmQg1cqvHY32/UCBzXedTpU2g==

rusha@^0.8.1:
  version "0.8.5"
  resolved "https://registry.yarnpkg.com/rusha/-/rusha-0.8.5.tgz#a30ae9bd5a4e80fbc96fbe7a13232b944be24f84"

rusha@^0.8.13:
  version "0.8.14"
  resolved "https://registry.yarnpkg.com/rusha/-/rusha-0.8.14.tgz#a977d0de9428406138b7bb90d3de5dcd024e2f68"
  integrity sha512-cLgakCUf6PedEu15t8kbsjnwIFFR2D4RfL+W3iWFJ4iac7z4B0ZI8fxy4R3J956kAI68HclCFGL8MPoUVC3qVA==

safe-buffer@^5.0.1:
  version "5.0.1"
  resolved "https://registry.yarnpkg.com/safe-buffer/-/safe-buffer-5.0.1.tgz#d263ca54696cd8a306b5ca6551e92de57918fbe7"

safe-buffer@^5.1.0, safe-buffer@^5.1.1, safe-buffer@~5.2.0:
  version "5.2.1"
  resolved "https://registry.yarnpkg.com/safe-buffer/-/safe-buffer-5.2.1.tgz#1eaf9fa9bdb1fdd4ec75f58f9cdb4e6b7827eec6"
  integrity sha512-rp3So07KcdmmKbGvgaNxQSJr7bGVSVk5S9Eq1F+ppbRo70+YeaDxkw5Dd8NPN+GD6bjnYm2VuPuCXmpuYvmCXQ==

safe-buffer@~5.1.0, safe-buffer@~5.1.1:
  version "5.1.2"
  resolved "https://registry.yarnpkg.com/safe-buffer/-/safe-buffer-5.1.2.tgz#991ec69d296e0313747d59bdfd2b745c35f8828d"
  integrity sha512-Gd2UZBJDkXlY7GbJxfsE8/nvKkUEU1G38c1siN6QP6a9PT9MmHB8GnpscSmMJSoF8LOIrt8ud/wPtojys4G6+g==

semver@^7.3.5:
  version "7.6.3"
  resolved "https://registry.yarnpkg.com/semver/-/semver-7.6.3.tgz#980f7b5550bc175fb4dc09403085627f9eb33143"
  integrity sha512-oVekP1cKtI+CTDvHWYFUcMtsK/00wmAEfyqKfNdARm8u1wNVhSgaX7A8d4UuIlUI5e84iEwOhs7ZPYRmzU9U6A==

simple-concat@^1.0.0:
  version "1.0.0"
  resolved "https://registry.yarnpkg.com/simple-concat/-/simple-concat-1.0.0.tgz#7344cbb8b6e26fb27d66b2fc86f9f6d5997521c6"

simple-get@^4.0.0:
  version "4.0.1"
  resolved "https://registry.yarnpkg.com/simple-get/-/simple-get-4.0.1.tgz#4a39db549287c979d352112fa03fd99fd6bc3543"
  integrity sha512-brv7p5WgH0jmQJr1ZDDfKDOSeWWg+OVypG99A/5vYGPqJ6pxiaHLy8nxtFjBA7oMa01ebA9gfh1uMCFqOuXxvA==
  dependencies:
    decompress-response "^6.0.0"
    once "^1.3.1"
    simple-concat "^1.0.0"

simple-sha1@^2.1.0:
  version "2.1.2"
  resolved "https://registry.yarnpkg.com/simple-sha1/-/simple-sha1-2.1.2.tgz#de40cbd5aae278fde8e3bb3250a35d74c67326b1"
  integrity sha512-TQl9rm4rdKAVmhO++sXAb8TNN0D6JAD5iyI1mqEPNpxUzTRrtm4aOG1pDf/5W/qCFihiaoK6uuL9rvQz1x1VKw==
  dependencies:
    rusha "^0.8.1"

simple-sha1@^3.0.1:
  version "3.1.0"
  resolved "https://registry.yarnpkg.com/simple-sha1/-/simple-sha1-3.1.0.tgz#40cac8436dfaf9924332fc46a5c7bca45f656131"
  integrity sha512-ArTptMRC1v08H8ihPD6l0wesKvMfF9e8XL5rIHPanI7kGOsSsbY514MwVu6X1PITHCTB2F08zB7cyEbfc4wQjg==
  dependencies:
    queue-microtask "^1.2.2"
    rusha "^0.8.13"

smart-buffer@^4.2.0:
  version "4.2.0"
  resolved "https://registry.yarnpkg.com/smart-buffer/-/smart-buffer-4.2.0.tgz#6e1d71fa4f18c05f7d0ff216dd16a481d0e8d9ae"
  integrity sha512-94hK0Hh8rPqQl2xXc3HsaBoOXKV20MToPkcXvwbISWLEs+64sBq5kFgn2kJDHb1Pry9yrP0dxrCI9RRci7RXKg==

socks@^2.8.3:
  version "2.8.3"
  resolved "https://registry.yarnpkg.com/socks/-/socks-2.8.3.tgz#1ebd0f09c52ba95a09750afe3f3f9f724a800cb5"
  integrity sha512-l5x7VUUWbjVFbafGLxPWkYsHIhEvmF85tbIeFZWc8ZPtoMyybuEhL7Jye/ooC4/d48FgOjSJXgsF/AJPYCW8Zw==
  dependencies:
    ip-address "^9.0.5"
    smart-buffer "^4.2.0"

speedometer@^1.0.0:
  version "1.0.0"
  resolved "https://registry.yarnpkg.com/speedometer/-/speedometer-1.0.0.tgz#cd671cb06752c22bca3370e2f334440be4fc62e2"

sprintf-js@^1.1.3:
  version "1.1.3"
  resolved "https://registry.yarnpkg.com/sprintf-js/-/sprintf-js-1.1.3.tgz#4914b903a2f8b685d17fdf78a70e917e872e444a"
  integrity sha512-Oo+0REFV59/rz3gfJNKQiBlwfHaSESl1pcGyABQsnnIfWOFt6JNj5gCog2U6MLZ//IGYD+nA8nI+mTShREReaA==

streamx@^2.17.0:
  version "2.20.0"
  resolved "https://registry.yarnpkg.com/streamx/-/streamx-2.20.0.tgz#5f3608483499a9346852122b26042f964ceec931"
  integrity sha512-ZGd1LhDeGFucr1CUCTBOS58ZhEendd0ttpGT3usTvosS4ntIwKN9LJFp+OeCSprsCPL14BXVRZlHGRY1V9PVzQ==
  dependencies:
    fast-fifo "^1.3.2"
    queue-tick "^1.0.1"
    text-decoder "^1.1.0"
  optionalDependencies:
    bare-events "^2.2.0"

string2compact@^2.0.1:
  version "2.0.1"
  resolved "https://registry.yarnpkg.com/string2compact/-/string2compact-2.0.1.tgz#a640e70413e8875c3fc34de6184f57abe8b34868"
  integrity sha512-Bm/T8lHMTRXw+u83LE+OW7fXmC/wM+Mbccfdo533ajSBNxddDHlRrvxE49NdciGHgXkUQM5WYskJ7uTkbBUI0A==
  dependencies:
    addr-to-ip-port "^2.0.0"
    ipaddr.js "^2.0.0"

string_decoder@^1.1.1:
  version "1.3.0"
  resolved "https://registry.yarnpkg.com/string_decoder/-/string_decoder-1.3.0.tgz#42f114594a46cf1a8e30b0a84f56c78c3edac21e"
  integrity sha512-hkRX8U1WjJFd8LsDJ2yQ/wWWxaopEsABU1XfkM8A+j0+85JAGppt16cr1Whg6KIbb4okU6Mql6BOj+uup/wKeA==
  dependencies:
    safe-buffer "~5.2.0"

string_decoder@~1.1.1:
  version "1.1.1"
  resolved "https://registry.yarnpkg.com/string_decoder/-/string_decoder-1.1.1.tgz#9cf1611ba62685d7030ae9e4ba34149c3af03fc8"
  integrity sha512-n/ShnvDi6FHbbVfviro+WojiFzv+s8MPMHBczVePfUpDJLwoLT0ht1l4YwBCbi8pJAveEEdnkHyPyTP/mzRfwg==
  dependencies:
    safe-buffer "~5.1.0"

strip-json-comments@~2.0.1:
  version "2.0.1"
  resolved "https://registry.yarnpkg.com/strip-json-comments/-/strip-json-comments-2.0.1.tgz#3c531942e908c2697c0ec344858c286c7ca0a60a"
  integrity sha512-4gB8na07fecVVkOI6Rs4e7T6NOTki5EmL7TUduTs6bu3EdnSycntVJ4re8kgZA+wx9IueI2Y11bfbgwtzuE0KQ==

tar-fs@^2.0.0:
  version "2.1.1"
  resolved "https://registry.yarnpkg.com/tar-fs/-/tar-fs-2.1.1.tgz#489a15ab85f1f0befabb370b7de4f9eb5cbe8784"
  integrity sha512-V0r2Y9scmbDRLCNex/+hYzvp/zyYjvFbHPNgVTKfQvVrb6guiE/fxP+XblDNR011utopbkex2nM4dHNV6GDsng==
  dependencies:
    chownr "^1.1.1"
    mkdirp-classic "^0.5.2"
    pump "^3.0.0"
    tar-stream "^2.1.4"

tar-stream@^2.1.4:
  version "2.2.0"
  resolved "https://registry.yarnpkg.com/tar-stream/-/tar-stream-2.2.0.tgz#acad84c284136b060dc3faa64474aa9aebd77287"
  integrity sha512-ujeqbceABgwMZxEJnk2HDY2DlnUZ+9oEcb1KzTVfYHio0UE6dG71n60d8D2I4qNvleWrrXpmjpt7vZeF1LnMZQ==
  dependencies:
    bl "^4.0.3"
    end-of-stream "^1.4.1"
    fs-constants "^1.0.0"
    inherits "^2.0.3"
    readable-stream "^3.1.1"

text-decoder@^1.1.0:
  version "1.1.1"
  resolved "https://registry.yarnpkg.com/text-decoder/-/text-decoder-1.1.1.tgz#5df9c224cebac4a7977720b9f083f9efa1aefde8"
  integrity sha512-8zll7REEv4GDD3x4/0pW+ppIxSNs7H1J10IKFZsuOMscumCdM2a+toDGLPA3T+1+fLBql4zbt5z83GEQGGV5VA==
  dependencies:
    b4a "^1.6.4"

torrent-discovery@^11.0.3:
  version "11.0.9"
  resolved "https://registry.yarnpkg.com/torrent-discovery/-/torrent-discovery-11.0.9.tgz#5e3e5ae49ac784eb5d40952ed29eb5ac9e47fa97"
  integrity sha512-fof2HZWXDEzxkAAEjD43E4Sg00aISwwjn0hfjceGizRCsZc4Xs7/WOGPzqY1TaigUe8m4Heh+mlNMfFrmRTFQQ==
  dependencies:
    bittorrent-dht "^11.0.7"
    bittorrent-lsd "^2.0.0"
    bittorrent-tracker "^11.1.2"
    debug "^4.3.6"
    run-parallel "^1.2.0"

tunnel-agent@^0.6.0:
  version "0.6.0"
  resolved "https://registry.yarnpkg.com/tunnel-agent/-/tunnel-agent-0.6.0.tgz#27a5dea06b36b04a0a9966774b290868f0fc40fd"
  integrity sha512-McnNiV1l8RYeY8tBgEpuodCC1mLUdbSN+CYBL7kJsJNInOP8UjDDEwdk6Mw60vdLLrr5NHKZhMAOSrR2NZuQ+w==
  dependencies:
    safe-buffer "^5.0.1"

uint8-util@^2.2.2, uint8-util@^2.2.5:
  version "2.2.5"
  resolved "https://registry.yarnpkg.com/uint8-util/-/uint8-util-2.2.5.tgz#f1a8ff800e4e10a3ac1c82ee3667c99245123896"
  integrity sha512-/QxVQD7CttWpVUKVPz9znO+3Dd4BdTSnFQ7pv/4drVhC9m4BaL2LFHTkJn6EsYoxT79VDq/2Gg8L0H22PrzyMw==
  dependencies:
    base64-arraybuffer "^1.0.2"

unordered-array-remove@^1.0.2:
  version "1.0.2"
  resolved "https://registry.yarnpkg.com/unordered-array-remove/-/unordered-array-remove-1.0.2.tgz#c546e8f88e317a0cf2644c97ecb57dba66d250ef"
  integrity sha512-45YsfD6svkgaCBNyvD+dFHm4qFX9g3wRSIVgWVPtm2OCnphvPxzJoe20ATsiNpNJrmzHifnxm+BN5F7gFT/4gw==

ut_metadata@^3.1.0:
  version "3.5.2"
  resolved "https://registry.yarnpkg.com/ut_metadata/-/ut_metadata-3.5.2.tgz#2351c9348759e929978fa6a08d56ef6f584749e7"
  integrity sha512-3XZZuJSeoIUyMYSuDbTbVtP4KAVGHPfU8nmHFkr8LJc+THCaUXwnu/2AV+LCSLarET/hL9IlbNfYTGrt6fOVuQ==
  dependencies:
    bencode "^2.0.1"
    bitfield "^4.0.0"
    debug "^4.2.0"
    simple-sha1 "^3.0.1"

utf-8-validate@^6.0.4:
  version "6.0.4"
  resolved "https://registry.yarnpkg.com/utf-8-validate/-/utf-8-validate-6.0.4.tgz#1305a1bfd94cecb5a866e6fc74fd07f3ed7292e5"
  integrity sha512-xu9GQDeFp+eZ6LnCywXN/zBancWvOpUMzgjLPSjy4BRHSmTelvn2E0DG0o1sTiw5hkCKBHo8rwSKncfRfv2EEQ==
  dependencies:
    node-gyp-build "^4.3.0"

util-deprecate@^1.0.1, util-deprecate@~1.0.1:
  version "1.0.2"
  resolved "https://registry.yarnpkg.com/util-deprecate/-/util-deprecate-1.0.2.tgz#450d4dc9fa70de732762fbd2d4a28981419a0ccf"

web-streams-polyfill@^3.0.3:
  version "3.3.3"
  resolved "https://registry.yarnpkg.com/web-streams-polyfill/-/web-streams-polyfill-3.3.3.tgz#2073b91a2fdb1fbfbd401e7de0ac9f8214cecb4b"
  integrity sha512-d2JWLCivmZYTSIoge9MsgFCZrt571BikcWGYkjC1khllbTeDlGqZ2D8vD8E/lJa8WGWbb7Plm8/XJYV7IJHZZw==

webrtc-polyfill@^1.1.8:
  version "1.1.8"
  resolved "https://registry.yarnpkg.com/webrtc-polyfill/-/webrtc-polyfill-1.1.8.tgz#a7eaf970e541c9410e571a9111e86365b6535078"
  integrity sha512-ms2rE5MEg1KXQX45sjl2QaIIevhpPogqoFz7Z1MAJYxWUuxFfI3L0SoiifrTNrWJiJiuFn/Dsf5OIGUWJFdU5g==
  dependencies:
    node-datachannel "^0.10.1"
    node-domexception "^1.0.0"

wrappy@1:
  version "1.0.2"
  resolved "https://registry.yarnpkg.com/wrappy/-/wrappy-1.0.2.tgz#b5243d8f3ec1aa35f1364605bc0d1036e30ab69f"

ws@^8.17.0, ws@^8.17.1:
  version "8.18.0"
  resolved "https://registry.yarnpkg.com/ws/-/ws-8.18.0.tgz#0d7505a6eafe2b0e712d232b42279f53bc289bbc"
  integrity sha512-8VbfWfHLbbwu3+N6OKsOMpBdT4kXPDDB9cJk2bJ6mh9ucxdlnNvH1e+roYkKmN9Nxw2yjz7VzeO9oOz2zJ04Pw==

xtend@^4.0.0:
  version "4.0.1"
  resolved "https://registry.yarnpkg.com/xtend/-/xtend-4.0.1.tgz#a5c6d532be656e23db820efb943a1f04998d63af"
